// !$*UTF8*$!
{
	archiveVersion = 1;
	classes = {
	};
	objectVersion = 46;
	objects = {

/* Begin PBXBuildFile section */
		C0D4E5031C209B9300AE792F /* AppDelegate.swift in Sources */ = {isa = PBXBuildFile; fileRef = C0D4E5021C209B9300AE792F /* AppDelegate.swift */; };
		C0D4E5051C209B9300AE792F /* ViewController.swift in Sources */ = {isa = PBXBuildFile; fileRef = C0D4E5041C209B9300AE792F /* ViewController.swift */; };
		C0D4E5081C209B9300AE792F /* Main.storyboard in Resources */ = {isa = PBXBuildFile; fileRef = C0D4E5061C209B9300AE792F /* Main.storyboard */; };
		C0D4E50B1C209B9300AE792F /* recipez.xcdatamodeld in Sources */ = {isa = PBXBuildFile; fileRef = C0D4E5091C209B9300AE792F /* recipez.xcdatamodeld */; };
		C0D4E50D1C209B9300AE792F /* Assets.xcassets in Resources */ = {isa = PBXBuildFile; fileRef = C0D4E50C1C209B9300AE792F /* Assets.xcassets */; };
		C0D4E5101C209B9300AE792F /* LaunchScreen.storyboard in Resources */ = {isa = PBXBuildFile; fileRef = C0D4E50E1C209B9300AE792F /* LaunchScreen.storyboard */; };
		C0D4E51C1C20A5FA00AE792F /* Recipe+CoreDataProperties.swift in Sources */ = {isa = PBXBuildFile; fileRef = C0D4E51A1C20A5FA00AE792F /* Recipe+CoreDataProperties.swift */; };
		C0D4E51D1C20A5FA00AE792F /* Recipe.swift in Sources */ = {isa = PBXBuildFile; fileRef = C0D4E51B1C20A5FA00AE792F /* Recipe.swift */; };
		C0D4E51F1C20A76300AE792F /* RecipeTableViewCell.swift in Sources */ = {isa = PBXBuildFile; fileRef = C0D4E51E1C20A76300AE792F /* RecipeTableViewCell.swift */; };
		C0D4E5211C20ABDB00AE792F /* CreatRecipeViewController.swift in Sources */ = {isa = PBXBuildFile; fileRef = C0D4E5201C20ABDB00AE792F /* CreatRecipeViewController.swift */; };
		C0D4E5241C20B04200AE792F /* CircleImageView.swift in Sources */ = {isa = PBXBuildFile; fileRef = C0D4E5231C20B04200AE792F /* CircleImageView.swift */; };
/* End PBXBuildFile section */

/* Begin PBXFileReference section */
		C0D4E4FF1C209B9300AE792F /* recipez.app */ = {isa = PBXFileReference; explicitFileType = wrapper.application; includeInIndex = 0; path = recipez.app; sourceTree = BUILT_PRODUCTS_DIR; };
		C0D4E5021C209B9300AE792F /* AppDelegate.swift */ = {isa = PBXFileReference; lastKnownFileType = sourcecode.swift; path = AppDelegate.swift; sourceTree = "<group>"; };
		C0D4E5041C209B9300AE792F /* ViewController.swift */ = {isa = PBXFileReference; lastKnownFileType = sourcecode.swift; path = ViewController.swift; sourceTree = "<group>"; };
		C0D4E5071C209B9300AE792F /* Base */ = {isa = PBXFileReference; lastKnownFileType = file.storyboard; name = Base; path = Base.lproj/Main.storyboard; sourceTree = "<group>"; };
		C0D4E50A1C209B9300AE792F /* recipez.xcdatamodel */ = {isa = PBXFileReference; lastKnownFileType = wrapper.xcdatamodel; path = recipez.xcdatamodel; sourceTree = "<group>"; };
		C0D4E50C1C209B9300AE792F /* Assets.xcassets */ = {isa = PBXFileReference; lastKnownFileType = folder.assetcatalog; path = Assets.xcassets; sourceTree = "<group>"; };
		C0D4E50F1C209B9300AE792F /* Base */ = {isa = PBXFileReference; lastKnownFileType = file.storyboard; name = Base; path = Base.lproj/LaunchScreen.storyboard; sourceTree = "<group>"; };
		C0D4E5111C209B9300AE792F /* Info.plist */ = {isa = PBXFileReference; lastKnownFileType = text.plist.xml; path = Info.plist; sourceTree = "<group>"; };
		C0D4E51A1C20A5FA00AE792F /* Recipe+CoreDataProperties.swift */ = {isa = PBXFileReference; fileEncoding = 4; lastKnownFileType = sourcecode.swift; name = "Recipe+CoreDataProperties.swift"; path = "../Recipe+CoreDataProperties.swift"; sourceTree = "<group>"; };
		C0D4E51B1C20A5FA00AE792F /* Recipe.swift */ = {isa = PBXFileReference; fileEncoding = 4; lastKnownFileType = sourcecode.swift; name = Recipe.swift; path = ../Recipe.swift; sourceTree = "<group>"; };
		C0D4E51E1C20A76300AE792F /* RecipeTableViewCell.swift */ = {isa = PBXFileReference; fileEncoding = 4; lastKnownFileType = sourcecode.swift; path = RecipeTableViewCell.swift; sourceTree = "<group>"; };
		C0D4E5201C20ABDB00AE792F /* CreatRecipeViewController.swift */ = {isa = PBXFileReference; fileEncoding = 4; lastKnownFileType = sourcecode.swift; path = CreatRecipeViewController.swift; sourceTree = "<group>"; };
		C0D4E5231C20B04200AE792F /* CircleImageView.swift */ = {isa = PBXFileReference; fileEncoding = 4; lastKnownFileType = sourcecode.swift; path = CircleImageView.swift; sourceTree = "<group>"; };
/* End PBXFileReference section */

/* Begin PBXFrameworksBuildPhase section */
		C0D4E4FC1C209B9300AE792F /* Frameworks */ = {
			isa = PBXFrameworksBuildPhase;
			buildActionMask = 2147483647;
			files = (
			);
			runOnlyForDeploymentPostprocessing = 0;
		};
/* End PBXFrameworksBuildPhase section */

/* Begin PBXGroup section */
		C0D4E4F61C209B9300AE792F = {
			isa = PBXGroup;
			children = (
				C0D4E5011C209B9300AE792F /* recipez */,
				C0D4E5001C209B9300AE792F /* Products */,
			);
			sourceTree = "<group>";
		};
		C0D4E5001C209B9300AE792F /* Products */ = {
			isa = PBXGroup;
			children = (
				C0D4E4FF1C209B9300AE792F /* recipez.app */,
			);
			name = Products;
			sourceTree = "<group>";
		};
		C0D4E5011C209B9300AE792F /* recipez */ = {
			isa = PBXGroup;
			children = (
				C0D4E5221C20B02300AE792F /* CustomClass */,
				C0D4E5191C20A5BC00AE792F /* View */,
				C0D4E5181C20A5B200AE792F /* Model */,
				C0D4E5171C209FAE00AE792F /* Controller */,
				C0D4E5021C209B9300AE792F /* AppDelegate.swift */,
				C0D4E5061C209B9300AE792F /* Main.storyboard */,
				C0D4E50C1C209B9300AE792F /* Assets.xcassets */,
				C0D4E50E1C209B9300AE792F /* LaunchScreen.storyboard */,
				C0D4E5111C209B9300AE792F /* Info.plist */,
				C0D4E5091C209B9300AE792F /* recipez.xcdatamodeld */,
			);
			path = recipez;
			sourceTree = "<group>";
		};
		C0D4E5171C209FAE00AE792F /* Controller */ = {
			isa = PBXGroup;
			children = (
				C0D4E5041C209B9300AE792F /* ViewController.swift */,
				C0D4E5201C20ABDB00AE792F /* CreatRecipeViewController.swift */,
			);
			name = Controller;
			sourceTree = "<group>";
		};
		C0D4E5181C20A5B200AE792F /* Model */ = {
			isa = PBXGroup;
			children = (
				C0D4E51A1C20A5FA00AE792F /* Recipe+CoreDataProperties.swift */,
				C0D4E51B1C20A5FA00AE792F /* Recipe.swift */,
			);
			name = Model;
			sourceTree = "<group>";
		};
		C0D4E5191C20A5BC00AE792F /* View */ = {
			isa = PBXGroup;
			children = (
				C0D4E51E1C20A76300AE792F /* RecipeTableViewCell.swift */,
			);
			name = View;
			sourceTree = "<group>";
		};
		C0D4E5221C20B02300AE792F /* CustomClass */ = {
			isa = PBXGroup;
			children = (
				C0D4E5231C20B04200AE792F /* CircleImageView.swift */,
			);
			name = CustomClass;
			sourceTree = "<group>";
		};
/* End PBXGroup section */

/* Begin PBXNativeTarget section */
		C0D4E4FE1C209B9300AE792F /* recipez */ = {
			isa = PBXNativeTarget;
			buildConfigurationList = C0D4E5141C209B9300AE792F /* Build configuration list for PBXNativeTarget "recipez" */;
			buildPhases = (
				C0D4E4FB1C209B9300AE792F /* Sources */,
				C0D4E4FC1C209B9300AE792F /* Frameworks */,
				C0D4E4FD1C209B9300AE792F /* Resources */,
			);
			buildRules = (
			);
			dependencies = (
			);
			name = recipez;
			productName = recipez;
			productReference = C0D4E4FF1C209B9300AE792F /* recipez.app */;
			productType = "com.apple.product-type.application";
		};
/* End PBXNativeTarget section */

/* Begin PBXProject section */
		C0D4E4F71C209B9300AE792F /* Project object */ = {
			isa = PBXProject;
			attributes = {
				LastSwiftUpdateCheck = 0710;
				LastUpgradeCheck = 0710;
				ORGANIZATIONNAME = ryant;
				TargetAttributes = {
					C0D4E4FE1C209B9300AE792F = {
						CreatedOnToolsVersion = 7.1.1;
					};
				};
			};
			buildConfigurationList = C0D4E4FA1C209B9300AE792F /* Build configuration list for PBXProject "recipez" */;
			compatibilityVersion = "Xcode 3.2";
			developmentRegion = English;
			hasScannedForEncodings = 0;
			knownRegions = (
				en,
				Base,
			);
			mainGroup = C0D4E4F61C209B9300AE792F;
			productRefGroup = C0D4E5001C209B9300AE792F /* Products */;
			projectDirPath = "";
			projectRoot = "";
			targets = (
				C0D4E4FE1C209B9300AE792F /* recipez */,
			);
		};
/* End PBXProject section */

/* Begin PBXResourcesBuildPhase section */
		C0D4E4FD1C209B9300AE792F /* Resources */ = {
			isa = PBXResourcesBuildPhase;
			buildActionMask = 2147483647;
			files = (
				C0D4E5101C209B9300AE792F /* LaunchScreen.storyboard in Resources */,
				C0D4E50D1C209B9300AE792F /* Assets.xcassets in Resources */,
				C0D4E5081C209B9300AE792F /* Main.storyboard in Resources */,
			);
			runOnlyForDeploymentPostprocessing = 0;
		};
/* End PBXResourcesBuildPhase section */

/* Begin PBXSourcesBuildPhase section */
		C0D4E4FB1C209B9300AE792F /* Sources */ = {
			isa = PBXSourcesBuildPhase;
			buildActionMask = 2147483647;
			files = (
				C0D4E5241C20B04200AE792F /* CircleImageView.swift in Sources */,
				C0D4E5051C209B9300AE792F /* ViewController.swift in Sources */,
				C0D4E51C1C20A5FA00AE792F /* Recipe+CoreDataProperties.swift in Sources */,
				C0D4E5031C209B9300AE792F /* AppDelegate.swift in Sources */,
				C0D4E5211C20ABDB00AE792F /* CreatRecipeViewController.swift in Sources */,
				C0D4E51F1C20A76300AE792F /* RecipeTableViewCell.swift in Sources */,
				C0D4E50B1C209B9300AE792F /* recipez.xcdatamodeld in Sources */,
				C0D4E51D1C20A5FA00AE792F /* Recipe.swift in Sources */,
			);
			runOnlyForDeploymentPostprocessing = 0;
		};
/* End PBXSourcesBuildPhase section */

/* Begin PBXVariantGroup section */
		C0D4E5061C209B9300AE792F /* Main.storyboard */ = {
			isa = PBXVariantGroup;
			children = (
				C0D4E5071C209B9300AE792F /* Base */,
			);
			name = Main.storyboard;
			sourceTree = "<group>";
		};
		C0D4E50E1C209B9300AE792F /* LaunchScreen.storyboard */ = {
			isa = PBXVariantGroup;
			children = (
				C0D4E50F1C209B9300AE792F /* Base */,
			);
			name = LaunchScreen.storyboard;
			sourceTree = "<group>";
		};
/* End PBXVariantGroup section */

/* Begin XCBuildConfiguration section */
		C0D4E5121C209B9300AE792F /* Debug */ = {
			isa = XCBuildConfiguration;
			buildSettings = {
				ALWAYS_SEARCH_USER_PATHS = NO;
				CLANG_CXX_LANGUAGE_STANDARD = "gnu++0x";
				CLANG_CXX_LIBRARY = "libc++";
				CLANG_ENABLE_MODULES = YES;
				CLANG_ENABLE_OBJC_ARC = YES;
				CLANG_WARN_BOOL_CONVERSION = YES;
				CLANG_WARN_CONSTANT_CONVERSION = YES;
				CLANG_WARN_DIRECT_OBJC_ISA_USAGE = YES_ERROR;
				CLANG_WARN_EMPTY_BODY = YES;
				CLANG_WARN_ENUM_CONVERSION = YES;
				CLANG_WARN_INT_CONVERSION = YES;
				CLANG_WARN_OBJC_ROOT_CLASS = YES_ERROR;
				CLANG_WARN_UNREACHABLE_CODE = YES;
				CLANG_WARN__DUPLICATE_METHOD_MATCH = YES;
				"CODE_SIGN_IDENTITY[sdk=iphoneos*]" = "iPhone Developer";
				COPY_PHASE_STRIP = NO;
				DEBUG_INFORMATION_FORMAT = dwarf;
				ENABLE_STRICT_OBJC_MSGSEND = YES;
				ENABLE_TESTABILITY = YES;
				GCC_C_LANGUAGE_STANDARD = gnu99;
				GCC_DYNAMIC_NO_PIC = NO;
				GCC_NO_COMMON_BLOCKS = YES;
				GCC_OPTIMIZATION_LEVEL = 0;
				GCC_PREPROCESSOR_DEFINITIONS = (
					"DEBUG=1",
					"$(inherited)",
				);
				GCC_WARN_64_TO_32_BIT_CONVERSION = YES;
				GCC_WARN_ABOUT_RETURN_TYPE = YES_ERROR;
				GCC_WARN_UNDECLARED_SELECTOR = YES;
				GCC_WARN_UNINITIALIZED_AUTOS = YES_AGGRESSIVE;
				GCC_WARN_UNUSED_FUNCTION = YES;
				GCC_WARN_UNUSED_VARIABLE = YES;
				IPHONEOS_DEPLOYMENT_TARGET = 9.1;
				MTL_ENABLE_DEBUG_INFO = YES;
				ONLY_ACTIVE_ARCH = YES;
				SDKROOT = iphoneos;
				SWIFT_OPTIMIZATION_LEVEL = "-Onone";
				TARGETED_DEVICE_FAMILY = "1,2";
			};
			name = Debug;
		};
		C0D4E5131C209B9300AE792F /* Release */ = {
			isa = XCBuildConfiguration;
			buildSettings = {
				ALWAYS_SEARCH_USER_PATHS = NO;
				CLANG_CXX_LANGUAGE_STANDARD = "gnu++0x";
				CLANG_CXX_LIBRARY = "libc++";
				CLANG_ENABLE_MODULES = YES;
				CLANG_ENABLE_OBJC_ARC = YES;
				CLANG_WARN_BOOL_CONVERSION = YES;
				CLANG_WARN_CONSTANT_CONVERSION = YES;
				CLANG_WARN_DIRECT_OBJC_ISA_USAGE = YES_ERROR;
				CLANG_WARN_EMPTY_BODY = YES;
				CLANG_WARN_ENUM_CONVERSION = YES;
				CLANG_WARN_INT_CONVERSION = YES;
				CLANG_WARN_OBJC_ROOT_CLASS = YES_ERROR;
				CLANG_WARN_UNREACHABLE_CODE = YES;
				CLANG_WARN__DUPLICATE_METHOD_MATCH = YES;
				"CODE_SIGN_IDENTITY[sdk=iphoneos*]" = "iPhone Developer";
				COPY_PHASE_STRIP = NO;
				DEBUG_INFORMATION_FORMAT = "dwarf-with-dsym";
				ENABLE_NS_ASSERTIONS = NO;
				ENABLE_STRICT_OBJC_MSGSEND = YES;
				GCC_C_LANGUAGE_STANDARD = gnu99;
				GCC_NO_COMMON_BLOCKS = YES;
				GCC_WARN_64_TO_32_BIT_CONVERSION = YES;
				GCC_WARN_ABOUT_RETURN_TYPE = YES_ERROR;
				GCC_WARN_UNDECLARED_SELECTOR = YES;
				GCC_WARN_UNINITIALIZED_AUTOS = YES_AGGRESSIVE;
				GCC_WARN_UNUSED_FUNCTION = YES;
				GCC_WARN_UNUSED_VARIABLE = YES;
				IPHONEOS_DEPLOYMENT_TARGET = 9.1;
				MTL_ENABLE_DEBUG_INFO = NO;
				SDKROOT = iphoneos;
				TARGETED_DEVICE_FAMILY = "1,2";
				VALIDATE_PRODUCT = YES;
			};
			name = Release;
		};
		C0D4E5151C209B9300AE792F /* Debug */ = {
			isa = XCBuildConfiguration;
			buildSettings = {
				ASSETCATALOG_COMPILER_APPICON_NAME = AppIcon;
				INFOPLIST_FILE = recipez/Info.plist;
				LD_RUNPATH_SEARCH_PATHS = "$(inherited) @executable_path/Frameworks";
				PRODUCT_BUNDLE_IDENTIFIER = com.ryant.recipez.recipez;
				PRODUCT_NAME = "$(TARGET_NAME)";
			};
			name = Debug;
		};
		C0D4E5161C209B9300AE792F /* Release */ = {
			isa = XCBuildConfiguration;
			buildSettings = {
				ASSETCATALOG_COMPILER_APPICON_NAME = AppIcon;
				INFOPLIST_FILE = recipez/Info.plist;
				LD_RUNPATH_SEARCH_PATHS = "$(inherited) @executable_path/Frameworks";
				PRODUCT_BUNDLE_IDENTIFIER = com.ryant.recipez.recipez;
				PRODUCT_NAME = "$(TARGET_NAME)";
			};
			name = Release;
		};
/* End XCBuildConfiguration section */

/* Begin XCConfigurationList section */
		C0D4E4FA1C209B9300AE792F /* Build configuration list for PBXProject "recipez" */ = {
			isa = XCConfigurationList;
			buildConfigurations = (
				C0D4E5121C209B9300AE792F /* Debug */,
				C0D4E5131C209B9300AE792F /* Release */,
			);
			defaultConfigurationIsVisible = 0;
			defaultConfigurationName = Release;
		};
		C0D4E5141C209B9300AE792F /* Build configuration list for PBXNativeTarget "recipez" */ = {
			isa = XCConfigurationList;
			buildConfigurations = (
				C0D4E5151C209B9300AE792F /* Debug */,
				C0D4E5161C209B9300AE792F /* Release */,
			);
			defaultConfigurationIsVisible = 0;
		};
/* End XCConfigurationList section */

/* Begin XCVersionGroup section */
		C0D4E5091C209B9300AE792F /* recipez.xcdatamodeld */ = {
			isa = XCVersionGroup;
			children = (
				C0D4E50A1C209B9300AE792F /* recipez.xcdatamodel */,
			);
			currentVersion = C0D4E50A1C209B9300AE792F /* recipez.xcdatamodel */;
			path = recipez.xcdatamodeld;
			sourceTree = "<group>";
			versionGroupType = wrapper.xcdatamodel;
		};
/* End XCVersionGroup section */
	};
	rootObject = C0D4E4F71C209B9300AE792F /* Project object */;
}
